{
  "name": "docs",
  "version": "1.0.0",
  "lockfileVersion": 3,
  "requires": true,
  "packages": {
    "": {
      "name": "docs",
      "version": "1.0.0",
      "license": "ISC",
      "dependencies": {
        "samengine-cli": "^2.0.6"
      }
    },
    "node_modules/samengine-cli": {
      "version": "2.0.6",
      "resolved": "https://registry.npmjs.org/samengine-cli/-/samengine-cli-2.0.6.tgz",
      "integrity": "sha512-D8XaN5uTbTnNpOG2QqxGDn1fB3Ur0y4WJYkzO9leVHakbOHOvsZkYhfAOzWe0Zc4ubyu5e14bayOHTcRkvfK2g==",
      "license": "MIT",
      "bin": {
        "sam-cli": "dist/cli/index.js"
      }
    }
  }
}
